{
  "name": "template-emails",
  "version": "1.0.0",
  "lockfileVersion": 1,
  "requires": true,
  "dependencies": {
    "env2": {
      "version": "2.2.0",
      "resolved": "https://registry.npmjs.org/env2/-/env2-2.2.0.tgz",
      "integrity": "sha1-1GtC03Xi8lU/8O80wVPJBPplLfE="
    },
    "nodemailer": {
      "version": "4.6.5",
      "resolved": "https://registry.npmjs.org/nodemailer/-/nodemailer-4.6.5.tgz",
      "integrity": "sha512-+bt+BgmnOXDz1uIaWXfXuTESth8UHkhtu7+X8+X2W+CHAn0AuuCyCk854qnathYQLWEC2jkpx7/pkVHcfmLKDw=="
    }
  }
}
